
Microsoft Visual Studio Solution File, Format Version 12.00
# Visual Studio Version 16
VisualStudioVersion = 16.0.29728.190
MinimumVisualStudioVersion = 10.0.40219.1
Project("{FAE04EC0-301F-11D3-BF4B-00C04F79EFBC}") = "Countries.Android", "Countries\Countries.Android\Countries.Android.csproj", "{2F31FA3B-E66A-4459-8FBE-698584687ED9}"
EndProject
Project("{FAE04EC0-301F-11D3-BF4B-00C04F79EFBC}") = "Countries.iOS", "Countries\Countries.iOS\Countries.iOS.csproj", "{3BDCCCB0-69B6-444D-9803-85FF1311D223}"
EndProject
Project("{FAE04EC0-301F-11D3-BF4B-00C04F79EFBC}") = "Countries", "Countries\Countries\Countries.csproj", "{4E3ADFD6-00B6-467A-9DEE-607DFCC62BFF}"
EndProject
Global
	GlobalSection(SolutionConfigurationPlatforms) = preSolution
		Debug|Any CPU = Debug|Any CPU
		Debug|iPhone = Debug|iPhone
		Debug|iPhoneSimulator = Debug|iPhoneSimulator
		Release|Any CPU = Release|Any CPU
		Release|iPhone = Release|iPhone
		Release|iPhoneSimulator = Release|iPhoneSimulator
	EndGlobalSection
	GlobalSection(ProjectConfigurationPlatforms) = postSolution
		{2F31FA3B-E66A-4459-8FBE-698584687ED9}.Debug|Any CPU.ActiveCfg = Debug|Any CPU
		{2F31FA3B-E66A-4459-8FBE-698584687ED9}.Debug|Any CPU.Build.0 = Debug|Any CPU
		{2F31FA3B-E66A-4459-8FBE-698584687ED9}.Debug|Any CPU.Deploy.0 = Debug|Any CPU
		{2F31FA3B-E66A-4459-8FBE-698584687ED9}.Debug|iPhone.ActiveCfg = Debug|Any CPU
		{2F31FA3B-E66A-4459-8FBE-698584687ED9}.Debug|iPhone.Build.0 = Debug|Any CPU
		{2F31FA3B-E66A-4459-8FBE-698584687ED9}.Debug|iPhone.Deploy.0 = Debug|Any CPU
		{2F31FA3B-E66A-4459-8FBE-698584687ED9}.Debug|iPhoneSimulator.ActiveCfg = Debug|Any CPU
		{2F31FA3B-E66A-4459-8FBE-698584687ED9}.Debug|iPhoneSimulator.Build.0 = Debug|Any CPU
		{2F31FA3B-E66A-4459-8FBE-698584687ED9}.Debug|iPhoneSimulator.Deploy.0 = Debug|Any CPU
		{2F31FA3B-E66A-4459-8FBE-698584687ED9}.Release|Any CPU.ActiveCfg = Release|Any CPU
		{2F31FA3B-E66A-4459-8FBE-698584687ED9}.Release|Any CPU.Build.0 = Release|Any CPU
		{2F31FA3B-E66A-4459-8FBE-698584687ED9}.Release|Any CPU.Deploy.0 = Release|Any CPU
		{2F31FA3B-E66A-4459-8FBE-698584687ED9}.Release|iPhone.ActiveCfg = Release|Any CPU
		{2F31FA3B-E66A-4459-8FBE-698584687ED9}.Release|iPhone.Build.0 = Release|Any CPU
		{2F31FA3B-E66A-4459-8FBE-698584687ED9}.Release|iPhone.Deploy.0 = Release|Any CPU
		{2F31FA3B-E66A-4459-8FBE-698584687ED9}.Release|iPhoneSimulator.ActiveCfg = Release|Any CPU
		{2F31FA3B-E66A-4459-8FBE-698584687ED9}.Release|iPhoneSimulator.Build.0 = Release|Any CPU
		{2F31FA3B-E66A-4459-8FBE-698584687ED9}.Release|iPhoneSimulator.Deploy.0 = Release|Any CPU
		{3BDCCCB0-69B6-444D-9803-85FF1311D223}.Debug|Any CPU.ActiveCfg = Debug|iPhoneSimulator
		{3BDCCCB0-69B6-444D-9803-85FF1311D223}.Debug|Any CPU.Build.0 = Debug|iPhoneSimulator
		{3BDCCCB0-69B6-444D-9803-85FF1311D223}.Debug|Any CPU.Deploy.0 = Debug|iPhoneSimulator
		{3BDCCCB0-69B6-444D-9803-85FF1311D223}.Debug|iPhone.ActiveCfg = Debug|iPhone
		{3BDCCCB0-69B6-444D-9803-85FF1311D223}.Debug|iPhone.Build.0 = Debug|iPhone
		{3BDCCCB0-69B6-444D-9803-85FF1311D223}.Debug|iPhone.Deploy.0 = Debug|iPhone
		{3BDCCCB0-69B6-444D-9803-85FF1311D223}.Debug|iPhoneSimulator.ActiveCfg = Debug|iPhoneSimulator
		{3BDCCCB0-69B6-444D-9803-85FF1311D223}.Debug|iPhoneSimulator.Build.0 = Debug|iPhoneSimulator
		{3BDCCCB0-69B6-444D-9803-85FF1311D223}.Debug|iPhoneSimulator.Deploy.0 = Debug|iPhoneSimulator
		{3BDCCCB0-69B6-444D-9803-85FF1311D223}.Release|Any CPU.ActiveCfg = Release|iPhone
		{3BDCCCB0-69B6-444D-9803-85FF1311D223}.Release|Any CPU.Build.0 = Release|iPhone
		{3BDCCCB0-69B6-444D-9803-85FF1311D223}.Release|Any CPU.Deploy.0 = Release|iPhone
		{3BDCCCB0-69B6-444D-9803-85FF1311D223}.Release|iPhone.ActiveCfg = Release|iPhone
		{3BDCCCB0-69B6-444D-9803-85FF1311D223}.Release|iPhone.Build.0 = Release|iPhone
		{3BDCCCB0-69B6-444D-9803-85FF1311D223}.Release|iPhone.Deploy.0 = Release|iPhone
		{3BDCCCB0-69B6-444D-9803-85FF1311D223}.Release|iPhoneSimulator.ActiveCfg = Release|iPhoneSimulator
		{3BDCCCB0-69B6-444D-9803-85FF1311D223}.Release|iPhoneSimulator.Build.0 = Release|iPhoneSimulator
		{3BDCCCB0-69B6-444D-9803-85FF1311D223}.Release|iPhoneSimulator.Deploy.0 = Release|iPhoneSimulator
		{4E3ADFD6-00B6-467A-9DEE-607DFCC62BFF}.Debug|Any CPU.ActiveCfg = Debug|Any CPU
		{4E3ADFD6-00B6-467A-9DEE-607DFCC62BFF}.Debug|Any CPU.Build.0 = Debug|Any CPU
		{4E3ADFD6-00B6-467A-9DEE-607DFCC62BFF}.Debug|Any CPU.Deploy.0 = Debug|Any CPU
		{4E3ADFD6-00B6-467A-9DEE-607DFCC62BFF}.Debug|iPhone.ActiveCfg = Debug|Any CPU
		{4E3ADFD6-00B6-467A-9DEE-607DFCC62BFF}.Debug|iPhone.Build.0 = Debug|Any CPU
		{4E3ADFD6-00B6-467A-9DEE-607DFCC62BFF}.Debug|iPhone.Deploy.0 = Debug|Any CPU
		{4E3ADFD6-00B6-467A-9DEE-607DFCC62BFF}.Debug|iPhoneSimulator.ActiveCfg = Debug|Any CPU
		{4E3ADFD6-00B6-467A-9DEE-607DFCC62BFF}.Debug|iPhoneSimulator.Build.0 = Debug|Any CPU
		{4E3ADFD6-00B6-467A-9DEE-607DFCC62BFF}.Debug|iPhoneSimulator.Deploy.0 = Debug|Any CPU
		{4E3ADFD6-00B6-467A-9DEE-607DFCC62BFF}.Release|Any CPU.ActiveCfg = Release|Any CPU
		{4E3ADFD6-00B6-467A-9DEE-607DFCC62BFF}.Release|Any CPU.Build.0 = Release|Any CPU
		{4E3ADFD6-00B6-467A-9DEE-607DFCC62BFF}.Release|Any CPU.Deploy.0 = Release|Any CPU
		{4E3ADFD6-00B6-467A-9DEE-607DFCC62BFF}.Release|iPhone.ActiveCfg = Release|Any CPU
		{4E3ADFD6-00B6-467A-9DEE-607DFCC62BFF}.Release|iPhone.Build.0 = Release|Any CPU
		{4E3ADFD6-00B6-467A-9DEE-607DFCC62BFF}.Release|iPhone.Deploy.0 = Release|Any CPU
		{4E3ADFD6-00B6-467A-9DEE-607DFCC62BFF}.Release|iPhoneSimulator.ActiveCfg = Release|Any CPU
		{4E3ADFD6-00B6-467A-9DEE-607DFCC62BFF}.Release|iPhoneSimulator.Build.0 = Release|Any CPU
		{4E3ADFD6-00B6-467A-9DEE-607DFCC62BFF}.Release|iPhoneSimulator.Deploy.0 = Release|Any CPU
	EndGlobalSection
	GlobalSection(SolutionProperties) = preSolution
		HideSolutionNode = FALSE
	EndGlobalSection
	GlobalSection(ExtensibilityGlobals) = postSolution
		SolutionGuid = {5594B62F-80D2-4E5D-8E57-91024511A519}
	EndGlobalSection
EndGlobal
